// !$*UTF8*$!
{
	archiveVersion = 1;
	classes = {
	};
	objectVersion = 50;
	objects = {

/* Begin PBXBuildFile section */
		0C602F5023CCC95400108DD3 /* AppDelegate.swift in Sources */ = {isa = PBXBuildFile; fileRef = 0C602F4F23CCC95400108DD3 /* AppDelegate.swift */; };
		0C602F5223CCC95400108DD3 /* SceneDelegate.swift in Sources */ = {isa = PBXBuildFile; fileRef = 0C602F5123CCC95400108DD3 /* SceneDelegate.swift */; };
		0C602F5423CCC95400108DD3 /* ViewController.swift in Sources */ = {isa = PBXBuildFile; fileRef = 0C602F5323CCC95400108DD3 /* ViewController.swift */; };
		0C602F5723CCC95400108DD3 /* Main.storyboard in Resources */ = {isa = PBXBuildFile; fileRef = 0C602F5523CCC95400108DD3 /* Main.storyboard */; };
		0C602F5923CCC95900108DD3 /* Assets.xcassets in Resources */ = {isa = PBXBuildFile; fileRef = 0C602F5823CCC95900108DD3 /* Assets.xcassets */; };
		0C602F5C23CCC95900108DD3 /* LaunchScreen.storyboard in Resources */ = {isa = PBXBuildFile; fileRef = 0C602F5A23CCC95900108DD3 /* LaunchScreen.storyboard */; };
		0C602F6423CCCC9D00108DD3 /* SettingsViewController.swift in Sources */ = {isa = PBXBuildFile; fileRef = 0C602F6323CCCC9D00108DD3 /* SettingsViewController.swift */; };
		0C602F6623CCD1D600108DD3 /* UserPreferences.swift in Sources */ = {isa = PBXBuildFile; fileRef = 0C602F6523CCD1D600108DD3 /* UserPreferences.swift */; };
/* End PBXBuildFile section */

/* Begin PBXFileReference section */
		0C602F4C23CCC95400108DD3 /* UserDefaults-Demo.app */ = {isa = PBXFileReference; explicitFileType = wrapper.application; includeInIndex = 0; path = "UserDefaults-Demo.app"; sourceTree = BUILT_PRODUCTS_DIR; };
		0C602F4F23CCC95400108DD3 /* AppDelegate.swift */ = {isa = PBXFileReference; lastKnownFileType = sourcecode.swift; path = AppDelegate.swift; sourceTree = "<group>"; };
		0C602F5123CCC95400108DD3 /* SceneDelegate.swift */ = {isa = PBXFileReference; lastKnownFileType = sourcecode.swift; path = SceneDelegate.swift; sourceTree = "<group>"; };
		0C602F5323CCC95400108DD3 /* ViewController.swift */ = {isa = PBXFileReference; lastKnownFileType = sourcecode.swift; path = ViewController.swift; sourceTree = "<group>"; };
		0C602F5623CCC95400108DD3 /* Base */ = {isa = PBXFileReference; lastKnownFileType = file.storyboard; name = Base; path = Base.lproj/Main.storyboard; sourceTree = "<group>"; };
		0C602F5823CCC95900108DD3 /* Assets.xcassets */ = {isa = PBXFileReference; lastKnownFileType = folder.assetcatalog; path = Assets.xcassets; sourceTree = "<group>"; };
		0C602F5B23CCC95900108DD3 /* Base */ = {isa = PBXFileReference; lastKnownFileType = file.storyboard; name = Base; path = Base.lproj/LaunchScreen.storyboard; sourceTree = "<group>"; };
		0C602F5D23CCC95900108DD3 /* Info.plist */ = {isa = PBXFileReference; lastKnownFileType = text.plist.xml; path = Info.plist; sourceTree = "<group>"; };
		0C602F6323CCCC9D00108DD3 /* SettingsViewController.swift */ = {isa = PBXFileReference; lastKnownFileType = sourcecode.swift; path = SettingsViewController.swift; sourceTree = "<group>"; };
		0C602F6523CCD1D600108DD3 /* UserPreferences.swift */ = {isa = PBXFileReference; lastKnownFileType = sourcecode.swift; path = UserPreferences.swift; sourceTree = "<group>"; };
/* End PBXFileReference section */

/* Begin PBXFrameworksBuildPhase section */
		0C602F4923CCC95400108DD3 /* Frameworks */ = {
			isa = PBXFrameworksBuildPhase;
			buildActionMask = 2147483647;
			files = (
			);
			runOnlyForDeploymentPostprocessing = 0;
		};
/* End PBXFrameworksBuildPhase section */

/* Begin PBXGroup section */
		0C602F4323CCC95400108DD3 = {
			isa = PBXGroup;
			children = (
				0C602F4E23CCC95400108DD3 /* UserDefaults-Demo */,
				0C602F4D23CCC95400108DD3 /* Products */,
			);
			sourceTree = "<group>";
		};
		0C602F4D23CCC95400108DD3 /* Products */ = {
			isa = PBXGroup;
			children = (
				0C602F4C23CCC95400108DD3 /* UserDefaults-Demo.app */,
			);
			name = Products;
			sourceTree = "<group>";
		};
		0C602F4E23CCC95400108DD3 /* UserDefaults-Demo */ = {
			isa = PBXGroup;
			children = (
				0C602F4F23CCC95400108DD3 /* AppDelegate.swift */,
				0C602F5123CCC95400108DD3 /* SceneDelegate.swift */,
				0C602F6523CCD1D600108DD3 /* UserPreferences.swift */,
				0C602F5323CCC95400108DD3 /* ViewController.swift */,
				0C602F6323CCCC9D00108DD3 /* SettingsViewController.swift */,
				0C602F5523CCC95400108DD3 /* Main.storyboard */,
				0C602F5823CCC95900108DD3 /* Assets.xcassets */,
				0C602F5A23CCC95900108DD3 /* LaunchScreen.storyboard */,
				0C602F5D23CCC95900108DD3 /* Info.plist */,
			);
			path = "UserDefaults-Demo";
			sourceTree = "<group>";
		};
/* End PBXGroup section */

/* Begin PBXNativeTarget section */
		0C602F4B23CCC95400108DD3 /* UserDefaults-Demo */ = {
			isa = PBXNativeTarget;
			buildConfigurationList = 0C602F6023CCC95900108DD3 /* Build configuration list for PBXNativeTarget "UserDefaults-Demo" */;
			buildPhases = (
				0C602F4823CCC95400108DD3 /* Sources */,
				0C602F4923CCC95400108DD3 /* Frameworks */,
				0C602F4A23CCC95400108DD3 /* Resources */,
			);
			buildRules = (
			);
			dependencies = (
			);
			name = "UserDefaults-Demo";
			productName = "UserDefaults-Demo";
			productReference = 0C602F4C23CCC95400108DD3 /* UserDefaults-Demo.app */;
			productType = "com.apple.product-type.application";
		};
/* End PBXNativeTarget section */

/* Begin PBXProject section */
		0C602F4423CCC95400108DD3 /* Project object */ = {
			isa = PBXProject;
			attributes = {
				LastSwiftUpdateCheck = 1120;
				LastUpgradeCheck = 1120;
				ORGANIZATIONNAME = "Matthew Ramos";
				TargetAttributes = {
					0C602F4B23CCC95400108DD3 = {
						CreatedOnToolsVersion = 11.2.1;
					};
				};
			};
			buildConfigurationList = 0C602F4723CCC95400108DD3 /* Build configuration list for PBXProject "UserDefaults-Demo" */;
			compatibilityVersion = "Xcode 9.3";
			developmentRegion = en;
			hasScannedForEncodings = 0;
			knownRegions = (
				en,
				Base,
			);
			mainGroup = 0C602F4323CCC95400108DD3;
			productRefGroup = 0C602F4D23CCC95400108DD3 /* Products */;
			projectDirPath = "";
			projectRoot = "";
			targets = (
				0C602F4B23CCC95400108DD3 /* UserDefaults-Demo */,
			);
		};
/* End PBXProject section */

/* Begin PBXResourcesBuildPhase section */
		0C602F4A23CCC95400108DD3 /* Resources */ = {
			isa = PBXResourcesBuildPhase;
			buildActionMask = 2147483647;
			files = (
				0C602F5C23CCC95900108DD3 /* LaunchScreen.storyboard in Resources */,
				0C602F5923CCC95900108DD3 /* Assets.xcassets in Resources */,
				0C602F5723CCC95400108DD3 /* Main.storyboard in Resources */,
			);
			runOnlyForDeploymentPostprocessing = 0;
		};
/* End PBXResourcesBuildPhase section */

/* Begin PBXSourcesBuildPhase section */
		0C602F4823CCC95400108DD3 /* Sources */ = {
			isa = PBXSourcesBuildPhase;
			buildActionMask = 2147483647;
			files = (
				0C602F6623CCD1D600108DD3 /* UserPreferences.swift in Sources */,
				0C602F5423CCC95400108DD3 /* ViewController.swift in Sources */,
				0C602F5023CCC95400108DD3 /* AppDelegate.swift in Sources */,
				0C602F5223CCC95400108DD3 /* SceneDelegate.swift in Sources */,
				0C602F6423CCCC9D00108DD3 /* SettingsViewController.swift in Sources */,
			);
			runOnlyForDeploymentPostprocessing = 0;
		};
/* End PBXSourcesBuildPhase section */

/* Begin PBXVariantGroup section */
		0C602F5523CCC95400108DD3 /* Main.storyboard */ = {
			isa = PBXVariantGroup;
			children = (
				0C602F5623CCC95400108DD3 /* Base */,
			);
			name = Main.storyboard;
			sourceTree = "<group>";
		};
		0C602F5A23CCC95900108DD3 /* LaunchScreen.storyboard */ = {
			isa = PBXVariantGroup;
			children = (
				0C602F5B23CCC95900108DD3 /* Base */,
			);
			name = LaunchScreen.storyboard;
			sourceTree = "<group>";
		};
/* End PBXVariantGroup section */

/* Begin XCBuildConfiguration section */
		0C602F5E23CCC95900108DD3 /* Debug */ = {
			isa = XCBuildConfiguration;
			buildSettings = {
				ALWAYS_SEARCH_USER_PATHS = NO;
				CLANG_ANALYZER_NONNULL = YES;
				CLANG_ANALYZER_NUMBER_OBJECT_CONVERSION = YES_AGGRESSIVE;
				CLANG_CXX_LANGUAGE_STANDARD = "gnu++14";
				CLANG_CXX_LIBRARY = "libc++";
				CLANG_ENABLE_MODULES = YES;
				CLANG_ENABLE_OBJC_ARC = YES;
				CLANG_ENABLE_OBJC_WEAK = YES;
				CLANG_WARN_BLOCK_CAPTURE_AUTORELEASING = YES;
				CLANG_WARN_BOOL_CONVERSION = YES;
				CLANG_WARN_COMMA = YES;
				CLANG_WARN_CONSTANT_CONVERSION = YES;
				CLANG_WARN_DEPRECATED_OBJC_IMPLEMENTATIONS = YES;
				CLANG_WARN_DIRECT_OBJC_ISA_USAGE = YES_ERROR;
				CLANG_WARN_DOCUMENTATION_COMMENTS = YES;
				CLANG_WARN_EMPTY_BODY = YES;
				CLANG_WARN_ENUM_CONVERSION = YES;
				CLANG_WARN_INFINITE_RECURSION = YES;
				CLANG_WARN_INT_CONVERSION = YES;
				CLANG_WARN_NON_LITERAL_NULL_CONVERSION = YES;
				CLANG_WARN_OBJC_IMPLICIT_RETAIN_SELF = YES;
				CLANG_WARN_OBJC_LITERAL_CONVERSION = YES;
				CLANG_WARN_OBJC_ROOT_CLASS = YES_ERROR;
				CLANG_WARN_RANGE_LOOP_ANALYSIS = YES;
				CLANG_WARN_STRICT_PROTOTYPES = YES;
				CLANG_WARN_SUSPICIOUS_MOVE = YES;
				CLANG_WARN_UNGUARDED_AVAILABILITY = YES_AGGRESSIVE;
				CLANG_WARN_UNREACHABLE_CODE = YES;
				CLANG_WARN__DUPLICATE_METHOD_MATCH = YES;
				COPY_PHASE_STRIP = NO;
				DEBUG_INFORMATION_FORMAT = dwarf;
				ENABLE_STRICT_OBJC_MSGSEND = YES;
				ENABLE_TESTABILITY = YES;
				GCC_C_LANGUAGE_STANDARD = gnu11;
				GCC_DYNAMIC_NO_PIC = NO;
				GCC_NO_COMMON_BLOCKS = YES;
				GCC_OPTIMIZATION_LEVEL = 0;
				GCC_PREPROCESSOR_DEFINITIONS = (
					"DEBUG=1",
					"$(inherited)",
				);
				GCC_WARN_64_TO_32_BIT_CONVERSION = YES;
				GCC_WARN_ABOUT_RETURN_TYPE = YES_ERROR;
				GCC_WARN_UNDECLARED_SELECTOR = YES;
				GCC_WARN_UNINITIALIZED_AUTOS = YES_AGGRESSIVE;
				GCC_WARN_UNUSED_FUNCTION = YES;
				GCC_WARN_UNUSED_VARIABLE = YES;
				IPHONEOS_DEPLOYMENT_TARGET = 13.2;
				MTL_ENABLE_DEBUG_INFO = INCLUDE_SOURCE;
				MTL_FAST_MATH = YES;
				ONLY_ACTIVE_ARCH = YES;
				SDKROOT = iphoneos;
				SWIFT_ACTIVE_COMPILATION_CONDITIONS = DEBUG;
				SWIFT_OPTIMIZATION_LEVEL = "-Onone";
			};
			name = Debug;
		};
		0C602F5F23CCC95900108DD3 /* Release */ = {
			isa = XCBuildConfiguration;
			buildSettings = {
				ALWAYS_SEARCH_USER_PATHS = NO;
				CLANG_ANALYZER_NONNULL = YES;
				CLANG_ANALYZER_NUMBER_OBJECT_CONVERSION = YES_AGGRESSIVE;
				CLANG_CXX_LANGUAGE_STANDARD = "gnu++14";
				CLANG_CXX_LIBRARY = "libc++";
				CLANG_ENABLE_MODULES = YES;
				CLANG_ENABLE_OBJC_ARC = YES;
				CLANG_ENABLE_OBJC_WEAK = YES;
				CLANG_WARN_BLOCK_CAPTURE_AUTORELEASING = YES;
				CLANG_WARN_BOOL_CONVERSION = YES;
				CLANG_WARN_COMMA = YES;
				CLANG_WARN_CONSTANT_CONVERSION = YES;
				CLANG_WARN_DEPRECATED_OBJC_IMPLEMENTATIONS = YES;
				CLANG_WARN_DIRECT_OBJC_ISA_USAGE = YES_ERROR;
				CLANG_WARN_DOCUMENTATION_COMMENTS = YES;
				CLANG_WARN_EMPTY_BODY = YES;
				CLANG_WARN_ENUM_CONVERSION = YES;
				CLANG_WARN_INFINITE_RECURSION = YES;
				CLANG_WARN_INT_CONVERSION = YES;
				CLANG_WARN_NON_LITERAL_NULL_CONVERSION = YES;
				CLANG_WARN_OBJC_IMPLICIT_RETAIN_SELF = YES;
				CLANG_WARN_OBJC_LITERAL_CONVERSION = YES;
				CLANG_WARN_OBJC_ROOT_CLASS = YES_ERROR;
				CLANG_WARN_RANGE_LOOP_ANALYSIS = YES;
				CLANG_WARN_STRICT_PROTOTYPES = YES;
				CLANG_WARN_SUSPICIOUS_MOVE = YES;
				CLANG_WARN_UNGUARDED_AVAILABILITY = YES_AGGRESSIVE;
				CLANG_WARN_UNREACHABLE_CODE = YES;
				CLANG_WARN__DUPLICATE_METHOD_MATCH = YES;
				COPY_PHASE_STRIP = NO;
				DEBUG_INFORMATION_FORMAT = "dwarf-with-dsym";
				ENABLE_NS_ASSERTIONS = NO;
				ENABLE_STRICT_OBJC_MSGSEND = YES;
				GCC_C_LANGUAGE_STANDARD = gnu11;
				GCC_NO_COMMON_BLOCKS = YES;
				GCC_WARN_64_TO_32_BIT_CONVERSION = YES;
				GCC_WARN_ABOUT_RETURN_TYPE = YES_ERROR;
				GCC_WARN_UNDECLARED_SELECTOR = YES;
				GCC_WARN_UNINITIALIZED_AUTOS = YES_AGGRESSIVE;
				GCC_WARN_UNUSED_FUNCTION = YES;
				GCC_WARN_UNUSED_VARIABLE = YES;
				IPHONEOS_DEPLOYMENT_TARGET = 13.2;
				MTL_ENABLE_DEBUG_INFO = NO;
				MTL_FAST_MATH = YES;
				SDKROOT = iphoneos;
				SWIFT_COMPILATION_MODE = wholemodule;
				SWIFT_OPTIMIZATION_LEVEL = "-O";
				VALIDATE_PRODUCT = YES;
			};
			name = Release;
		};
		0C602F6123CCC95900108DD3 /* Debug */ = {
			isa = XCBuildConfiguration;
			buildSettings = {
				ASSETCATALOG_COMPILER_APPICON_NAME = AppIcon;
				CODE_SIGN_STYLE = Automatic;
				DEVELOPMENT_TEAM = HHA5GS3CVN;
				INFOPLIST_FILE = "UserDefaults-Demo/Info.plist";
				LD_RUNPATH_SEARCH_PATHS = (
					"$(inherited)",
					"@executable_path/Frameworks",
				);
				PRODUCT_BUNDLE_IDENTIFIER = "com.matthewramos.UserDefaults-Demo";
				PRODUCT_NAME = "$(TARGET_NAME)";
				SWIFT_VERSION = 5.0;
				TARGETED_DEVICE_FAMILY = "1,2";
			};
			name = Debug;
		};
		0C602F6223CCC95900108DD3 /* Release */ = {
			isa = XCBuildConfiguration;
			buildSettings = {
				ASSETCATALOG_COMPILER_APPICON_NAME = AppIcon;
				CODE_SIGN_STYLE = Automatic;
				DEVELOPMENT_TEAM = HHA5GS3CVN;
				INFOPLIST_FILE = "UserDefaults-Demo/Info.plist";
				LD_RUNPATH_SEARCH_PATHS = (
					"$(inherited)",
					"@executable_path/Frameworks",
				);
				PRODUCT_BUNDLE_IDENTIFIER = "com.matthewramos.UserDefaults-Demo";
				PRODUCT_NAME = "$(TARGET_NAME)";
				SWIFT_VERSION = 5.0;
				TARGETED_DEVICE_FAMILY = "1,2";
			};
			name = Release;
		};
/* End XCBuildConfiguration section */

/* Begin XCConfigurationList section */
		0C602F4723CCC95400108DD3 /* Build configuration list for PBXProject "UserDefaults-Demo" */ = {
			isa = XCConfigurationList;
			buildConfigurations = (
				0C602F5E23CCC95900108DD3 /* Debug */,
				0C602F5F23CCC95900108DD3 /* Release */,
			);
			defaultConfigurationIsVisible = 0;
			defaultConfigurationName = Release;
		};
		0C602F6023CCC95900108DD3 /* Build configuration list for PBXNativeTarget "UserDefaults-Demo" */ = {
			isa = XCConfigurationList;
			buildConfigurations = (
				0C602F6123CCC95900108DD3 /* Debug */,
				0C602F6223CCC95900108DD3 /* Release */,
			);
			defaultConfigurationIsVisible = 0;
			defaultConfigurationName = Release;
		};
/* End XCConfigurationList section */
	};
	rootObject = 0C602F4423CCC95400108DD3 /* Project object */;
}
